
Microsoft Visual Studio Solution File, Format Version 12.00
# Visual Studio Version 17
VisualStudioVersion = 17.6.33723.286
MinimumVisualStudioVersion = 10.0.40219.1
Project("{FAE04EC0-301F-11D3-BF4B-00C04F79EFBC}") = "ASPNETCoreAppliocation", "ASPNETCoreAppliocation.csproj", "{C3EE88CD-8FA2-47E4-8DEC-51D6EFAF992B}"
EndProject
Global
	GlobalSection(SolutionConfigurationPlatforms) = preSolution
		Debug|Any CPU = Debug|Any CPU
		Release|Any CPU = Release|Any CPU
	EndGlobalSection
	GlobalSection(ProjectConfigurationPlatforms) = postSolution
		{C3EE88CD-8FA2-47E4-8DEC-51D6EFAF992B}.Debug|Any CPU.ActiveCfg = Debug|Any CPU
		{C3EE88CD-8FA2-47E4-8DEC-51D6EFAF992B}.Debug|Any CPU.Build.0 = Debug|Any CPU
		{C3EE88CD-8FA2-47E4-8DEC-51D6EFAF992B}.Release|Any CPU.ActiveCfg = Release|Any CPU
		{C3EE88CD-8FA2-47E4-8DEC-51D6EFAF992B}.Release|Any CPU.Build.0 = Release|Any CPU
	EndGlobalSection
	GlobalSection(SolutionProperties) = preSolution
		HideSolutionNode = FALSE
	EndGlobalSection
	GlobalSection(ExtensibilityGlobals) = postSolution
		SolutionGuid = {0988DED3-9E0B-43BF-9942-5668BCAFC566}
	EndGlobalSection
EndGlobal
